{
  "originHash" : "5b0775425588c591d2c93a5fa54e6e2c7a18684e47dfefa66cefc4bdd8a9a95b",
  "pins" : [
    {
      "identity" : "abseil-cpp-binary",
      "kind" : "remoteSourceControl",
      "location" : "https://github.com/google/abseil-cpp-binary.git",
      "state" : {
        "revision" : "bbe8b69694d7873315fd3a4ad41efe043e1c07c5",
        "version" : "1.2024072200.0"
      }
    },
    {
      "identity" : "app-check",
      "kind" : "remoteSourceControl",
      "location" : "https://github.com/google/app-check.git",
      "state" : {
        "revision" : "61b85103a1aeed8218f17c794687781505fbbef5",
        "version" : "11.2.0"
      }
    },
    {
      "identity" : "appauth-ios",
      "kind" : "remoteSourceControl",
      "location" : "https://github.com/openid/AppAuth-iOS.git",
      "state" : {
        "revision" : "2781038865a80e2c425a1da12cc1327bcd56501f",
        "version" : "1.7.6"
      }
    },
    {
      "identity" : "firebase-ios-sdk",
      "kind" : "remoteSourceControl",
      "location" : "https://github.com/firebase/firebase-ios-sdk.git",
      "state" : {
        "revision" : "52548902007e7beda99fcdca31f62eccc4befe38",
        "version" : "12.11.0"
      }
    },
    {
      "identity" : "google-ads-on-device-conversion-ios-sdk",
      "kind" : "remoteSourceControl",
      "location" : "https://github.com/googleads/google-ads-on-device-conversion-ios-sdk",
      "state" : {
        "revision" : "7b722132d1f2ab421c88a2e5c384c984cebd0d00",
        "version" : "3.4.0"
      }
    },
    {
      "identity" : "googleappmeasurement",
      "kind" : "remoteSourceControl",
      "location" : "https://github.com/google/GoogleAppMeasurement.git",
      "state" : {
        "revision" : "1657f705bc70255ff9d66dfcc697a85db164998f",
        "version" : "12.11.0"
      }
    },
    {
      "identity" : "googledatatransport",
      "kind" : "remoteSourceControl",
      "location" : "https://github.com/google/GoogleDataTransport.git",
      "state" : {
        "revision" : "617af071af9aa1d6a091d59a202910ac482128f9",
        "version" : "10.1.0"
      }
    },
    {
      "identity" : "googlesignin-ios",
      "kind" : "remoteSourceControl",
      "location" : "https://github.com/google/GoogleSignIn-iOS.git",
      "state" : {
        "revision" : "65fb3f1aa6ffbfdc79c4e22178a55cd91561f5e9",
        "version" : "8.0.0"
      }
    },
    {
      "identity" : "googleutilities",
      "kind" : "remoteSourceControl",
      "location" : "https://github.com/google/GoogleUtilities.git",
      "state" : {
        "revision" : "60da361632d0de02786f709bdc0c4df340f7613e",
        "version" : "8.1.0"
      }
    },
    {
      "identity" : "grpc-binary",
      "kind" : "remoteSourceControl",
      "location" : "https://github.com/google/grpc-binary.git",
      "state" : {
        "revision" : "75b31c842f664a0f46a2e590a570e370249fd8f6",
        "version" : "1.69.1"
      }
    },
    {
      "identity" : "gtm-session-fetcher",
      "kind" : "remoteSourceControl",
      "location" : "https://github.com/google/gtm-session-fetcher.git",
      "state" : {
        "revision" : "a2ab612cb980066ee56d90d60d8462992c07f24b",
        "version" : "3.5.0"
      }
    },
    {
      "identity" : "gtmappauth",
      "kind" : "remoteSourceControl",
      "location" : "https://github.com/google/GTMAppAuth.git",
      "state" : {
        "revision" : "5d7d66f647400952b1758b230e019b07c0b4b22a",
        "version" : "4.1.1"
      }
    },
    {
      "identity" : "identifiablebystring",
      "kind" : "remoteSourceControl",
      "location" : "https://github.com/SwiftfulThinking/IdentifiableByString.git",
      "state" : {
        "revision" : "7f4a2fc12758def66e070e772d13db95e1f3afa8",
        "version" : "1.0.0"
      }
    },
    {
      "identity" : "interop-ios-for-google-sdks",
      "kind" : "remoteSourceControl",
      "location" : "https://github.com/google/interop-ios-for-google-sdks.git",
      "state" : {
        "revision" : "040d087ac2267d2ddd4cca36c757d1c6a05fdbfe",
        "version" : "101.0.0"
      }
    },
    {
      "identity" : "leveldb",
      "kind" : "remoteSourceControl",
      "location" : "https://github.com/firebase/leveldb.git",
      "state" : {
        "revision" : "a0bc79961d7be727d258d33d5a6b2f1023270ba1",
        "version" : "1.22.5"
      }
    },
    {
      "identity" : "lottie-ios",
      "kind" : "remoteSourceControl",
      "location" : "https://github.com/airbnb/lottie-ios.git",
      "state" : {
        "revision" : "0cb03fd7564d27345bcd96144b811e56212949c6",
        "version" : "4.6.0"
      }
    },
    {
      "identity" : "mixpanel-swift",
      "kind" : "remoteSourceControl",
      "location" : "https://github.com/mixpanel/mixpanel-swift.git",
      "state" : {
        "revision" : "c550cbef7654e59d06bf9c224ea25f681dea8975",
        "version" : "4.4.0"
      }
    },
    {
      "identity" : "nanopb",
      "kind" : "remoteSourceControl",
      "location" : "https://github.com/firebase/nanopb.git",
      "state" : {
        "revision" : "b7e1104502eca3a213b46303391ca4d3bc8ddec1",
        "version" : "2.30910.0"
      }
    },
    {
      "identity" : "promises",
      "kind" : "remoteSourceControl",
      "location" : "https://github.com/google/promises.git",
      "state" : {
        "revision" : "540318ecedd63d883069ae7f1ed811a2df00b6ac",
        "version" : "2.4.0"
      }
    },
    {
      "identity" : "purchases-ios",
      "kind" : "remoteSourceControl",
      "location" : "https://github.com/RevenueCat/purchases-ios.git",
      "state" : {
        "revision" : "abb0d68c3e7ba97b16ab51c38fcaca16b0e358c8",
        "version" : "5.66.0"
      }
    },
    {
      "identity" : "sdwebimage",
      "kind" : "remoteSourceControl",
      "location" : "https://github.com/SDWebImage/SDWebImage.git",
      "state" : {
        "revision" : "2de3a496eaf6df9a1312862adcfd54acd73c39c0",
        "version" : "5.21.7"
      }
    },
    {
      "identity" : "sdwebimageswiftui",
      "kind" : "remoteSourceControl",
      "location" : "https://github.com/SDWebImage/SDWebImageSwiftUI.git",
      "state" : {
        "revision" : "0e331457ca9af2f0b08bcaa138a91ffb907b004f",
        "version" : "3.1.4"
      }
    },
    {
      "identity" : "signinappleasync",
      "kind" : "remoteSourceControl",
      "location" : "https://github.com/SwiftfulThinking/SignInAppleAsync.git",
      "state" : {
        "revision" : "42242c92cbca2b20d69e808ef13a0bc54326254e",
        "version" : "1.0.2"
      }
    },
    {
      "identity" : "signingoogleasync",
      "kind" : "remoteSourceControl",
      "location" : "https://github.com/SwiftfulThinking/SignInGoogleAsync.git",
      "state" : {
        "revision" : "7ed25f1aee0b96b8b41fed3d8759f1efd8b577a2",
        "version" : "1.0.1"
      }
    },
    {
      "identity" : "swiftfulauthenticating",
      "kind" : "remoteSourceControl",
      "location" : "https://github.com/SwiftfulThinking/SwiftfulAuthenticating",
      "state" : {
        "revision" : "51fe1d07dd309e2ca4598c0bb87f4cc9303e5652",
        "version" : "1.0.15"
      }
    },
    {
      "identity" : "swiftfulauthenticatingfirebase",
      "kind" : "remoteSourceControl",
      "location" : "https://github.com/SwiftfulThinking/SwiftfulAuthenticatingFirebase",
      "state" : {
        "revision" : "b517618b6fa126bbf8039b7dcab2a424f976ccf0",
        "version" : "1.0.13"
      }
    },
    {
      "identity" : "swiftfuldatamanagers",
      "kind" : "remoteSourceControl",
      "location" : "https://github.com/SwiftfulThinking/SwiftfulDataManagers.git",
      "state" : {
        "revision" : "9c57a95bda5b2a37ff7a6bad9f085a6c80659820",
        "version" : "2.0.2"
      }
    },
    {
      "identity" : "swiftfuldatamanagersfirebase",
      "kind" : "remoteSourceControl",
      "location" : "https://github.com/SwiftfulThinking/SwiftfulDataManagersFirebase.git",
      "state" : {
        "revision" : "b153dcc7305a6d3a1a81da00e50852e3f86078d1",
        "version" : "2.0.6"
      }
    },
    {
      "identity" : "swiftfulfirestore",
      "kind" : "remoteSourceControl",
      "location" : "https://github.com/SwiftfulThinking/SwiftfulFirestore",
      "state" : {
        "revision" : "92e1cc8a44ce3ca8abf262f822c076cdf5b22f8f",
        "version" : "11.0.6"
      }
    },
    {
      "identity" : "swiftfulgamification",
      "kind" : "remoteSourceControl",
      "location" : "https://github.com/SwiftfulThinking/SwiftfulGamification.git",
      "state" : {
        "revision" : "64f7075b46f2354ba27e5d4a5854b456e594607b",
        "version" : "1.0.2"
      }
    },
    {
      "identity" : "swiftfulgamificationfirebase",
      "kind" : "remoteSourceControl",
      "location" : "https://github.com/SwiftfulThinking/SwiftfulGamificationFirebase.git",
      "state" : {
        "revision" : "a037fd0c198ac3094c5c8f5f4f3d03ef7d742f27",
        "version" : "1.0.1"
      }
    },
    {
      "identity" : "swiftfulhaptics",
      "kind" : "remoteSourceControl",
      "location" : "https://github.com/SwiftfulThinking/SwiftfulHaptics.git",
      "state" : {
        "revision" : "1f38dabefc791b48baea346ee637d69b462f9168",
        "version" : "2.0.5"
      }
    },
    {
      "identity" : "swiftfullogging",
      "kind" : "remoteSourceControl",
      "location" : "https://github.com/SwiftfulThinking/SwiftfulLogging.git",
      "state" : {
        "revision" : "4312bd516451dd349c39c8079a9aca7000ebcf6f",
        "version" : "1.2.2"
      }
    },
    {
      "identity" : "swiftfulloggingfirebaseanalytics",
      "kind" : "remoteSourceControl",
      "location" : "https://github.com/SwiftfulThinking/SwiftfulLoggingFirebaseAnalytics",
      "state" : {
        "revision" : "14c1b30ecd5cc8395b4069414ab51d5b3ceafac1",
        "version" : "1.1.5"
      }
    },
    {
      "identity" : "swiftfulloggingfirebasecrashlytics",
      "kind" : "remoteSourceControl",
      "location" : "https://github.com/SwiftfulThinking/SwiftfulLoggingFirebaseCrashlytics",
      "state" : {
        "revision" : "d7c9546571a5962f0a8ddc6b447ee05bdb71f4e3",
        "version" : "1.1.1"
      }
    },
    {
      "identity" : "swiftfulloggingmixpanel",
      "kind" : "remoteSourceControl",
      "location" : "https://github.com/SwiftfulThinking/SwiftfulLoggingMixpanel",
      "state" : {
        "revision" : "ee3aac2ee1d69963e14f8db3a48c96e20abbc5fa",
        "version" : "1.1.2"
      }
    },
    {
      "identity" : "swiftfulonboarding",
      "kind" : "remoteSourceControl",
      "location" : "https://github.com/SwiftfulThinking/SwiftfulOnboarding.git",
      "state" : {
        "revision" : "bf3926307b2034ec5d175a671f14fef49167fb63",
        "version" : "1.0.4"
      }
    },
    {
      "identity" : "swiftfulpurchasing",
      "kind" : "remoteSourceControl",
      "location" : "https://github.com/SwiftfulThinking/SwiftfulPurchasing",
      "state" : {
        "revision" : "e8326fdc299afef1ebf77ff2068481e1c04bec29",
        "version" : "1.1.2"
      }
    },
    {
      "identity" : "swiftfulpurchasingrevenuecat",
      "kind" : "remoteSourceControl",
      "location" : "https://github.com/SwiftfulThinking/SwiftfulPurchasingRevenueCat",
      "state" : {
        "revision" : "e5c9d2154ac3b653073a9e8d6cd51ff5678a723b",
        "version" : "1.0.3"
      }
    },
    {
      "identity" : "swiftfulrecursiveui",
      "kind" : "remoteSourceControl",
      "location" : "https://github.com/SwiftfulThinking/SwiftfulRecursiveUI.git",
      "state" : {
        "revision" : "3d2d5ac6efe70874fb5ffb2f8e1d5ccd457f4366",
        "version" : "1.0.2"
      }
    },
    {
      "identity" : "swiftfulrouting",
      "kind" : "remoteSourceControl",
      "location" : "https://github.com/SwiftfulThinking/SwiftfulRouting",
      "state" : {
        "revision" : "4f3edfebf093f654fc2c2ac08cab628c18c14333",
        "version" : "6.2.0"
      }
    },
    {
      "identity" : "swiftfulsoundeffects",
      "kind" : "remoteSourceControl",
      "location" : "https://github.com/SwiftfulThinking/SwiftfulSoundEffects.git",
      "state" : {
        "revision" : "16663f6c7a6846422cc76123d6c381a6cff01d50",
        "version" : "1.0.1"
      }
    },
    {
      "identity" : "swiftfului",
      "kind" : "remoteSourceControl",
      "location" : "https://github.com/SwiftfulThinking/SwiftfulUI",
      "state" : {
        "revision" : "2cb71cdb1115d2c3a2677e693ab6b0b0b1146bc8",
        "version" : "1.2.4"
      }
    },
    {
      "identity" : "swiftfulutilities",
      "kind" : "remoteSourceControl",
      "location" : "https://github.com/SwiftfulThinking/SwiftfulUtilities",
      "state" : {
        "revision" : "0777a01590a663ee4ff4393ee824afd9adcc9a03",
        "version" : "1.1.8"
      }
    }
  ],
  "version" : 3
}
